{
  "name": "@gag/system-notice",
  "version": "1.0.2",
  "lockfileVersion": 1,
  "requires": true,
  "dependencies": {
    "add-dom-event-listener": {
      "version": "1.0.2",
      "resolved": "http://registry.npm.taobao.org/add-dom-event-listener/download/add-dom-event-listener-1.0.2.tgz",
      "integrity": "sha1-j67SxBAIchzxEdodMNmVuFvkK+0=",
      "requires": {
        "object-assign": "4.1.1"
      }
    },
    "antd": {
      "version": "2.13.6",
      "resolved": "http://registry.npm.taobao.org/antd/download/antd-2.13.6.tgz",
      "integrity": "sha1-62C12yuwOpL5GKKivjvKlags4fo=",
      "requires": {
        "array-tree-filter": "1.0.1",
        "babel-runtime": "6.26.0",
        "classnames": "2.2.5",
        "create-react-class": "15.6.2",
        "css-animation": "1.4.1",
        "dom-closest": "0.2.0",
        "lodash.debounce": "4.0.8",
        "moment": "2.19.1",
        "omit.js": "1.0.0",
        "prop-types": "15.6.0",
        "rc-animate": "2.4.1",
        "rc-calendar": "9.0.4",
        "rc-cascader": "0.11.6",
        "rc-checkbox": "2.0.3",
        "rc-collapse": "1.7.6",
        "rc-dialog": "6.5.11",
        "rc-dropdown": "1.5.1",
        "rc-editor-mention": "0.6.13",
        "rc-form": "1.4.8",
        "rc-input-number": "3.6.8",
        "rc-menu": "5.0.13",
        "rc-notification": "2.0.6",
        "rc-pagination": "1.12.10",
        "rc-progress": "2.2.2",
        "rc-rate": "2.1.1",
        "rc-select": "6.9.3",
        "rc-slider": "8.3.1",
        "rc-steps": "2.5.2",
        "rc-switch": "1.5.3",
        "rc-table": "5.6.13",
        "rc-tabs": "9.1.4",
        "rc-time-picker": "2.4.1",
        "rc-tooltip": "3.4.9",
        "rc-tree": "1.7.8",
        "rc-tree-select": "1.10.9",
        "rc-upload": "2.4.3",
        "rc-util": "4.1.1",
        "react-lazy-load": "3.0.12",
        "react-slick": "0.15.4",
        "shallowequal": "1.0.2",
        "warning": "3.0.0"
      },
      "dependencies": {
        "classnames": {
          "version": "2.2.5",
          "resolved": "http://registry.npm.taobao.org/classnames/download/classnames-2.2.5.tgz",
          "integrity": "sha1-+zgB1FNGdknvNgPH1hoCvRKb3m0="
        },
        "css-animation": {
          "version": "1.4.1",
          "resolved": "http://registry.npm.taobao.org/css-animation/download/css-animation-1.4.1.tgz",
          "integrity": "sha1-W4gTEl3g+7uwu+G0cq6EIhRpt6g=",
          "requires": {
            "babel-runtime": "6.26.0",
            "component-classes": "1.2.6"
          }
        },
        "dom-closest": {
          "version": "0.2.0",
          "resolved": "http://registry.npm.taobao.org/dom-closest/download/dom-closest-0.2.0.tgz",
          "integrity": "sha1-69n5HRvyLo1vR3h2u80+yQIWwM8=",
          "requires": {
            "dom-matches": "2.0.0"
          }
        },
        "moment": {
          "version": "2.19.1",
          "resolved": "http://registry.npm.taobao.org/moment/download/moment-2.19.1.tgz",
          "integrity": "sha1-VtoaLRy/AdOLfhr8McELz6GSkWc="
        },
        "omit.js": {
          "version": "1.0.0",
          "resolved": "http://registry.npm.taobao.org/omit.js/download/omit.js-1.0.0.tgz",
          "integrity": "sha1-4BPLhqdRe5z298+w3bQpclapkog=",
          "requires": {
            "babel-runtime": "6.26.0"
          }
        },
        "prop-types": {
          "version": "15.6.0",
          "resolved": "http://registry.npm.taobao.org/prop-types/download/prop-types-15.6.0.tgz",
          "integrity": "sha1-zq8IMCL8RrSjX2nhPvda7Q1jmFY=",
          "requires": {
            "fbjs": "0.8.16",
            "loose-envify": "1.3.1",
            "object-assign": "4.1.1"
          }
        },
        "rc-animate": {
          "version": "2.4.1",
          "resolved": "http://registry.npm.taobao.org/rc-animate/download/rc-animate-2.4.1.tgz",
          "integrity": "sha1-3z4PVv4Qav5L9S/0CM7SQcUXiRk=",
          "requires": {
            "babel-runtime": "6.26.0",
            "css-animation": "1.4.1",
            "prop-types": "15.6.0"
          }
        },
        "rc-calendar": {
          "version": "9.0.4",
          "resolved": "http://registry.npm.taobao.org/rc-calendar/download/rc-calendar-9.0.4.tgz",
          "integrity": "sha1-NYEKjfZCj0+4Xo3r2we9jS6zxfU=",
          "requires": {
            "babel-runtime": "6.26.0",
            "classnames": "2.2.5",
            "create-react-class": "15.6.2",
            "moment": "2.19.1",
            "prop-types": "15.6.0",
            "rc-trigger": "1.11.4",
            "rc-util": "4.1.1"
          }
        },
        "rc-cascader": {
          "version": "0.11.6",
          "resolved": "http://registry.npm.taobao.org/rc-cascader/download/rc-cascader-0.11.6.tgz",
          "integrity": "sha1-fojPu3UAs5QaWUDPbpFWnFPjf50=",
          "requires": {
            "array-tree-filter": "1.0.1",
            "prop-types": "15.6.0",
            "rc-trigger": "1.11.4",
            "rc-util": "4.1.1",
            "shallow-equal": "1.0.0"
          }
        },
        "rc-checkbox": {
          "version": "2.0.3",
          "resolved": "http://registry.npm.taobao.org/rc-checkbox/download/rc-checkbox-2.0.3.tgz",
          "integrity": "sha1-Q2qdUIlI4iSYDwU16nOLSBd6jyU=",
          "requires": {
            "babel-runtime": "6.26.0",
            "classnames": "2.2.5",
            "prop-types": "15.6.0",
            "rc-util": "4.1.1"
          }
        },
        "rc-collapse": {
          "version": "1.7.6",
          "resolved": "http://registry.npm.taobao.org/rc-collapse/download/rc-collapse-1.7.6.tgz",
          "integrity": "sha1-ZEM1Etkh91DfYUM+Z1u5VHul72s=",
          "requires": {
            "classnames": "2.2.5",
            "css-animation": "1.4.1",
            "prop-types": "15.6.0",
            "rc-animate": "2.4.1"
          }
        },
        "rc-dialog": {
          "version": "6.5.11",
          "resolved": "http://registry.npm.taobao.org/rc-dialog/download/rc-dialog-6.5.11.tgz",
          "integrity": "sha1-pu9NgaeAGlTpkjJzxgXdUh1/sUI=",
          "requires": {
            "babel-runtime": "6.26.0",
            "create-react-class": "15.6.2",
            "object-assign": "4.1.1",
            "rc-animate": "2.4.1",
            "rc-util": "4.1.1"
          }
        },
        "rc-dropdown": {
          "version": "1.5.1",
          "resolved": "http://registry.npm.taobao.org/rc-dropdown/download/rc-dropdown-1.5.1.tgz",
          "integrity": "sha1-YzNE9NGZivNbu5qdqdPtLyGHZ3Y=",
          "requires": {
            "prop-types": "15.6.0",
            "rc-trigger": "1.11.4"
          }
        },
        "rc-editor-mention": {
          "version": "0.6.13",
          "resolved": "http://registry.npm.taobao.org/rc-editor-mention/download/rc-editor-mention-0.6.13.tgz",
          "integrity": "sha1-UzQ4XLZmQPFZSI6LUMa4hF/AxlQ=",
          "requires": {
            "classnames": "2.2.5",
            "dom-scroll-into-view": "1.2.1",
            "draft-js": "0.10.3",
            "immutable": "3.7.6",
            "prop-types": "15.6.0",
            "rc-animate": "2.4.1",
            "rc-editor-core": "0.7.8"
          }
        },
        "rc-form": {
          "version": "1.4.8",
          "resolved": "http://registry.npm.taobao.org/rc-form/download/rc-form-1.4.8.tgz",
          "integrity": "sha1-4mws2GE32UPC4plkB9c+n6BzscY=",
          "requires": {
            "async-validator": "1.8.1",
            "babel-runtime": "6.26.0",
            "create-react-class": "15.6.2",
            "dom-scroll-into-view": "1.2.1",
            "hoist-non-react-statics": "1.2.0",
            "lodash": "4.17.4",
            "warning": "3.0.0"
          }
        },
        "rc-input-number": {
          "version": "3.6.8",
          "resolved": "http://registry.npm.taobao.org/rc-input-number/download/rc-input-number-3.6.8.tgz",
          "integrity": "sha1-uhK2KAXAWSeTr0QinGBbiyxqX/g=",
          "requires": {
            "babel-runtime": "6.26.0",
            "classnames": "2.2.5",
            "create-react-class": "15.6.2",
            "prop-types": "15.6.0",
            "rc-touchable": "1.2.3"
          }
        },
        "rc-menu": {
          "version": "5.0.13",
          "resolved": "http://registry.npm.taobao.org/rc-menu/download/rc-menu-5.0.13.tgz",
          "integrity": "sha1-/SolPpBRrlG00Tya6kdZ5BYAFwY=",
          "requires": {
            "babel-runtime": "6.26.0",
            "classnames": "2.2.5",
            "create-react-class": "15.6.2",
            "dom-scroll-into-view": "1.2.1",
            "prop-types": "15.6.0",
            "rc-animate": "2.4.1",
            "rc-util": "4.1.1"
          }
        },
        "rc-notification": {
          "version": "2.0.6",
          "resolved": "http://registry.npm.taobao.org/rc-notification/download/rc-notification-2.0.6.tgz",
          "integrity": "sha1-dvP3HZQjv0YDoC16oMSwlKRrjGc=",
          "requires": {
            "babel-runtime": "6.26.0",
            "classnames": "2.2.5",
            "prop-types": "15.6.0",
            "rc-animate": "2.4.1",
            "rc-util": "4.1.1"
          }
        },
        "rc-pagination": {
          "version": "1.12.10",
          "resolved": "http://registry.npm.taobao.org/rc-pagination/download/rc-pagination-1.12.10.tgz",
          "integrity": "sha1-ISwkEH+wvqDKhvvW3P2g6nCaRaI=",
          "requires": {
            "babel-runtime": "6.26.0",
            "prop-types": "15.6.0"
          }
        },
        "rc-progress": {
          "version": "2.2.2",
          "resolved": "http://registry.npm.taobao.org/rc-progress/download/rc-progress-2.2.2.tgz",
          "integrity": "sha1-F58yIhjFM74nvl3fTvbyDh4ih2k=",
          "requires": {
            "babel-runtime": "6.26.0",
            "prop-types": "15.6.0"
          }
        },
        "rc-rate": {
          "version": "2.1.1",
          "resolved": "http://registry.npm.taobao.org/rc-rate/download/rc-rate-2.1.1.tgz",
          "integrity": "sha1-iK7aiz1kcLuuT2UYxlKgKpWb3cU=",
          "requires": {
            "classnames": "2.2.5",
            "prop-types": "15.6.0"
          }
        },
        "rc-select": {
          "version": "6.9.3",
          "resolved": "http://registry.npm.taobao.org/rc-select/download/rc-select-6.9.3.tgz",
          "integrity": "sha1-1vvOn5bNr/Po/jaUv8uiTp8Uc2M=",
          "requires": {
            "babel-runtime": "6.26.0",
            "classnames": "2.2.5",
            "component-classes": "1.2.6",
            "dom-scroll-into-view": "1.2.1",
            "prop-types": "15.6.0",
            "rc-animate": "2.4.1",
            "rc-menu": "5.0.13",
            "rc-trigger": "1.11.4",
            "rc-util": "4.1.1",
            "warning": "3.0.0"
          }
        },
        "rc-slider": {
          "version": "8.3.1",
          "resolved": "http://registry.npm.taobao.org/rc-slider/download/rc-slider-8.3.1.tgz",
          "integrity": "sha1-tk1myh0bdV5LQRyhCQZ2cYCnrv8=",
          "requires": {
            "babel-runtime": "6.26.0",
            "classnames": "2.2.5",
            "prop-types": "15.6.0",
            "rc-tooltip": "3.4.9",
            "rc-util": "4.1.1",
            "shallowequal": "1.0.2",
            "warning": "3.0.0"
          }
        },
        "rc-steps": {
          "version": "2.5.2",
          "resolved": "http://registry.npm.taobao.org/rc-steps/download/rc-steps-2.5.2.tgz",
          "integrity": "sha1-L/LgM0i6jMQRTwVo5CCt1u4nP64=",
          "requires": {
            "classnames": "2.2.5",
            "lodash.debounce": "4.0.8",
            "prop-types": "15.6.0"
          }
        },
        "rc-switch": {
          "version": "1.5.3",
          "resolved": "http://registry.npm.taobao.org/rc-switch/download/rc-switch-1.5.3.tgz",
          "integrity": "sha1-KDwmCLrFfr183EAzJp3hS2dT6zk=",
          "requires": {
            "babel-runtime": "6.26.0",
            "classnames": "2.2.5",
            "prop-types": "15.6.0"
          }
        },
        "rc-table": {
          "version": "5.6.13",
          "resolved": "http://registry.npm.taobao.org/rc-table/download/rc-table-5.6.13.tgz",
          "integrity": "sha1-ynMCHcajqgryhG0H7oDAHHE/8N4=",
          "requires": {
            "babel-runtime": "6.26.0",
            "component-classes": "1.2.6",
            "lodash.get": "4.4.2",
            "prop-types": "15.6.0",
            "rc-util": "4.1.1",
            "shallowequal": "0.2.2",
            "warning": "3.0.0"
          },
          "dependencies": {
            "shallowequal": {
              "version": "0.2.2",
              "resolved": "http://registry.npm.taobao.org/shallowequal/download/shallowequal-0.2.2.tgz",
              "integrity": "sha1-HjL9W8q2rWiKSBLLDMBO/HXHAU4=",
              "requires": {
                "lodash.keys": "3.1.2"
              }
            }
          }
        },
        "rc-tabs": {
          "version": "9.1.4",
          "resolved": "http://registry.npm.taobao.org/rc-tabs/download/rc-tabs-9.1.4.tgz",
          "integrity": "sha1-/yemRK3p0OWoyPWlYe42Smr4xaM=",
          "requires": {
            "babel-runtime": "6.26.0",
            "classnames": "2.2.5",
            "create-react-class": "15.6.2",
            "lodash.debounce": "4.0.8",
            "prop-types": "15.6.0",
            "rc-hammerjs": "0.6.9",
            "rc-util": "4.1.1",
            "warning": "3.0.0"
          }
        },
        "rc-time-picker": {
          "version": "2.4.1",
          "resolved": "http://registry.npm.taobao.org/rc-time-picker/download/rc-time-picker-2.4.1.tgz",
          "integrity": "sha1-B049EgjogO2w2Zp7nMFbk1BdqMY=",
          "requires": {
            "babel-runtime": "6.26.0",
            "classnames": "2.2.5",
            "moment": "2.19.1",
            "prop-types": "15.6.0",
            "rc-trigger": "1.11.4"
          }
        },
        "rc-tooltip": {
          "version": "3.4.9",
          "resolved": "http://registry.npm.taobao.org/rc-tooltip/download/rc-tooltip-3.4.9.tgz",
          "integrity": "sha1-b5nsu+OSWBBEf+DOgabtT3IdqMU=",
          "requires": {
            "babel-runtime": "6.26.0",
            "prop-types": "15.6.0",
            "rc-trigger": "1.11.4"
          }
        },
        "rc-tree": {
          "version": "1.7.8",
          "resolved": "http://registry.npm.taobao.org/rc-tree/download/rc-tree-1.7.8.tgz",
          "integrity": "sha1-nFzYapAUdMZVyUvhlWxIbeBkgBI=",
          "requires": {
            "babel-runtime": "6.26.0",
            "classnames": "2.2.5",
            "prop-types": "15.6.0",
            "rc-animate": "2.4.1",
            "rc-util": "4.1.1",
            "warning": "3.0.0"
          }
        },
        "rc-tree-select": {
          "version": "1.10.9",
          "resolved": "http://registry.npm.taobao.org/rc-tree-select/download/rc-tree-select-1.10.9.tgz",
          "integrity": "sha1-y9zs6nSqMtoIgUgrha4MY9ceijM=",
          "requires": {
            "babel-runtime": "6.26.0",
            "classnames": "2.2.5",
            "object-assign": "4.1.1",
            "prop-types": "15.6.0",
            "rc-animate": "2.4.1",
            "rc-tree": "1.7.8",
            "rc-trigger": "1.11.4",
            "rc-util": "4.1.1"
          }
        },
        "rc-upload": {
          "version": "2.4.3",
          "resolved": "http://registry.npm.taobao.org/rc-upload/download/rc-upload-2.4.3.tgz",
          "integrity": "sha1-33k8HczV1oFa0lb+d2uHC7WT7fw=",
          "requires": {
            "attr-accept": "1.1.0",
            "babel-runtime": "6.26.0",
            "classnames": "2.2.5",
            "prop-types": "15.6.0",
            "warning": "2.1.0"
          },
          "dependencies": {
            "warning": {
              "version": "2.1.0",
              "resolved": "http://registry.npm.taobao.org/warning/download/warning-2.1.0.tgz",
              "integrity": "sha1-ISINnGOvx3qMkhEeARr3Bc4MaQE=",
              "requires": {
                "loose-envify": "1.3.1"
              }
            }
          }
        },
        "rc-util": {
          "version": "4.1.1",
          "resolved": "http://registry.npm.taobao.org/rc-util/download/rc-util-4.1.1.tgz",
          "integrity": "sha1-k1DpwANotQzY+9kXdcwc+eLKcrI=",
          "requires": {
            "add-dom-event-listener": "1.0.2",
            "babel-runtime": "6.26.0",
            "prop-types": "15.6.0",
            "shallowequal": "0.2.2"
          },
          "dependencies": {
            "shallowequal": {
              "version": "0.2.2",
              "resolved": "http://registry.npm.taobao.org/shallowequal/download/shallowequal-0.2.2.tgz",
              "integrity": "sha1-HjL9W8q2rWiKSBLLDMBO/HXHAU4=",
              "requires": {
                "lodash.keys": "3.1.2"
              }
            }
          }
        },
        "react-lazy-load": {
          "version": "3.0.12",
          "resolved": "http://registry.npm.taobao.org/react-lazy-load/download/react-lazy-load-3.0.12.tgz",
          "integrity": "sha1-K4Qd/DIn6BGdAzGJ0slgzjhNDLk=",
          "requires": {
            "eventlistener": "0.0.1",
            "lodash.debounce": "4.0.8",
            "lodash.throttle": "4.1.1",
            "prop-types": "15.6.0"
          }
        },
        "react-slick": {
          "version": "0.15.4",
          "resolved": "http://registry.npm.taobao.org/react-slick/download/react-slick-0.15.4.tgz",
          "integrity": "sha1-ZwnIewbnZA/urMBnEb5CzCBmqr4=",
          "requires": {
            "can-use-dom": "0.1.0",
            "classnames": "2.2.5",
            "create-react-class": "15.6.2",
            "enquire.js": "2.1.6",
            "json2mq": "0.2.0",
            "object-assign": "4.1.1",
            "slick-carousel": "1.8.1"
          }
        },
        "warning": {
          "version": "3.0.0",
          "resolved": "http://registry.npm.taobao.org/warning/download/warning-3.0.0.tgz",
          "integrity": "sha1-MuU3fLVy3kqwR1O9+IIcAe1gW3w=",
          "requires": {
            "loose-envify": "1.3.1"
          }
        }
      }
    },
    "array-tree-filter": {
      "version": "1.0.1",
      "resolved": "http://registry.npm.taobao.org/array-tree-filter/download/array-tree-filter-1.0.1.tgz",
      "integrity": "sha1-CorR7v04zoiFhjL5zAQj12NOTV0="
    },
    "asap": {
      "version": "2.0.6",
      "resolved": "http://registry.npm.taobao.org/asap/download/asap-2.0.6.tgz",
      "integrity": "sha1-5QNHYR1+aQlDIIu9r+vLwvuGbUY="
    },
    "async-validator": {
      "version": "1.8.1",
      "resolved": "http://registry.npm.taobao.org/async-validator/download/async-validator-1.8.1.tgz",
      "integrity": "sha1-ZmV4jKOSaa93Dl7gLw5VfyQ40so=",
      "requires": {
        "babel-runtime": "6.26.0"
      }
    },
    "attr-accept": {
      "version": "1.1.0",
      "resolved": "http://registry.npm.taobao.org/attr-accept/download/attr-accept-1.1.0.tgz",
      "integrity": "sha1-tc01In8WOTWo8d4Q7T66FpQfa+Y="
    },
    "babel-runtime": {
      "version": "6.26.0",
      "resolved": "http://registry.npm.taobao.org/babel-runtime/download/babel-runtime-6.26.0.tgz",
      "integrity": "sha1-llxwWGaOgrVde/4E/yM3vItWR/4=",
      "requires": {
        "core-js": "2.5.1",
        "regenerator-runtime": "0.11.0"
      },
      "dependencies": {
        "core-js": {
          "version": "2.5.1",
          "resolved": "http://registry.npm.taobao.org/core-js/download/core-js-2.5.1.tgz",
          "integrity": "sha1-rmh03GaTd4m4B1T/VCjfZoGcpQs="
        }
      }
    },
    "boolbase": {
      "version": "1.0.0",
      "resolved": "http://registry.npm.taobao.org/boolbase/download/boolbase-1.0.0.tgz",
      "integrity": "sha1-aN/1++YMUes3cl6p4+0xDcwed24="
    },
    "can-use-dom": {
      "version": "0.1.0",
      "resolved": "http://registry.npm.taobao.org/can-use-dom/download/can-use-dom-0.1.0.tgz",
      "integrity": "sha1-IsxKNKCrxDlQ9CxkEQJKP2NmtFo="
    },
    "cheerio": {
      "version": "0.22.0",
      "resolved": "http://registry.npm.taobao.org/cheerio/download/cheerio-0.22.0.tgz",
      "integrity": "sha1-qbqoYKP5tZWmuBsahocxIe06Jp4=",
      "requires": {
        "css-select": "1.2.0",
        "dom-serializer": "0.1.0",
        "entities": "1.1.1",
        "htmlparser2": "3.9.2",
        "lodash.assignin": "4.2.0",
        "lodash.bind": "4.2.1",
        "lodash.defaults": "4.2.0",
        "lodash.filter": "4.6.0",
        "lodash.flatten": "4.4.0",
        "lodash.foreach": "4.5.0",
        "lodash.map": "4.6.0",
        "lodash.merge": "4.6.0",
        "lodash.pick": "4.4.0",
        "lodash.reduce": "4.6.0",
        "lodash.reject": "4.6.0",
        "lodash.some": "4.6.0"
      }
    },
    "component-classes": {
      "version": "1.2.6",
      "resolved": "http://registry.npm.taobao.org/component-classes/download/component-classes-1.2.6.tgz",
      "integrity": "sha1-xkI5TDYYpNiwuJGe/Mu9kw5c1pE=",
      "requires": {
        "component-indexof": "0.0.3"
      }
    },
    "component-indexof": {
      "version": "0.0.3",
      "resolved": "http://registry.npm.taobao.org/component-indexof/download/component-indexof-0.0.3.tgz",
      "integrity": "sha1-EdCRMSI5648yyPJa6csAL/6NPCQ="
    },
    "core-js": {
      "version": "1.2.7",
      "resolved": "http://registry.npm.taobao.org/core-js/download/core-js-1.2.7.tgz",
      "integrity": "sha1-ZSKUwUZR2yj6k70tX/KYOk8IxjY="
    },
    "core-util-is": {
      "version": "1.0.2",
      "resolved": "http://registry.npm.taobao.org/core-util-is/download/core-util-is-1.0.2.tgz",
      "integrity": "sha1-tf1UIgqivFq1eqtxQMlAdUUDwac="
    },
    "create-react-class": {
      "version": "15.6.2",
      "resolved": "http://registry.npm.taobao.org/create-react-class/download/create-react-class-15.6.2.tgz",
      "integrity": "sha1-zx7RXxKq1/FO9fLf4F5sQvke8Co=",
      "requires": {
        "fbjs": "0.8.16",
        "loose-envify": "1.3.1",
        "object-assign": "4.1.1"
      }
    },
    "css-select": {
      "version": "1.2.0",
      "resolved": "http://registry.npm.taobao.org/css-select/download/css-select-1.2.0.tgz",
      "integrity": "sha1-KzoRBTnFNV8c2NMUYj6HCxIeyFg=",
      "requires": {
        "boolbase": "1.0.0",
        "css-what": "2.1.0",
        "domutils": "1.5.1",
        "nth-check": "1.0.1"
      }
    },
    "css-what": {
      "version": "2.1.0",
      "resolved": "http://registry.npm.taobao.org/css-what/download/css-what-2.1.0.tgz",
      "integrity": "sha1-lGfQMsOM+u+58teVASUwYvh/ob0="
    },
    "define-properties": {
      "version": "1.1.2",
      "resolved": "http://registry.npm.taobao.org/define-properties/download/define-properties-1.1.2.tgz",
      "integrity": "sha1-g6c/L+pWmJj7c3GTyPhzyvbUXJQ=",
      "requires": {
        "foreach": "2.0.5",
        "object-keys": "1.0.11"
      }
    },
    "dom-align": {
      "version": "1.6.5",
      "resolved": "http://registry.npm.taobao.org/dom-align/download/dom-align-1.6.5.tgz",
      "integrity": "sha1-SIkO43Vj3UPTtYC3XPt5pqyPoAQ="
    },
    "dom-matches": {
      "version": "2.0.0",
      "resolved": "http://registry.npm.taobao.org/dom-matches/download/dom-matches-2.0.0.tgz",
      "integrity": "sha1-0nKLQWqHUzmA6wibhI0lPPI6dYw="
    },
    "dom-scroll-into-view": {
      "version": "1.2.1",
      "resolved": "http://registry.npm.taobao.org/dom-scroll-into-view/download/dom-scroll-into-view-1.2.1.tgz",
      "integrity": "sha1-6PNnMt0ImwIBqI14Fdw/iObWbH4="
    },
    "dom-serializer": {
      "version": "0.1.0",
      "resolved": "http://registry.npm.taobao.org/dom-serializer/download/dom-serializer-0.1.0.tgz",
      "integrity": "sha1-BzxpdUbOB4DOI75KKOKT5AvDDII=",
      "requires": {
        "domelementtype": "1.1.3",
        "entities": "1.1.1"
      },
      "dependencies": {
        "domelementtype": {
          "version": "1.1.3",
          "resolved": "http://registry.npm.taobao.org/domelementtype/download/domelementtype-1.1.3.tgz",
          "integrity": "sha1-vSh3PiZCiBrsUVRJJCmcXNgiGFs="
        }
      }
    },
    "domelementtype": {
      "version": "1.3.0",
      "resolved": "http://registry.npm.taobao.org/domelementtype/download/domelementtype-1.3.0.tgz",
      "integrity": "sha1-sXrtguirWeUt2cGbF1bg/BhyBMI="
    },
    "domhandler": {
      "version": "2.4.1",
      "resolved": "http://registry.npm.taobao.org/domhandler/download/domhandler-2.4.1.tgz",
      "integrity": "sha1-iS5HAAqZvlW783dP/qBWHYh5wlk=",
      "requires": {
        "domelementtype": "1.3.0"
      }
    },
    "domutils": {
      "version": "1.5.1",
      "resolved": "http://registry.npm.taobao.org/domutils/download/domutils-1.5.1.tgz",
      "integrity": "sha1-3NhIiib1Y9YQeeSMn3t+Mjc2gs8=",
      "requires": {
        "dom-serializer": "0.1.0",
        "domelementtype": "1.3.0"
      }
    },
    "draft-js": {
      "version": "0.10.3",
      "resolved": "http://registry.npm.taobao.org/draft-js/download/draft-js-0.10.3.tgz",
      "integrity": "sha1-XzwwJa+fSUxi8AqQZgBszcGzyUM=",
      "requires": {
        "enzyme": "2.9.1",
        "fbjs": "0.8.16",
        "immutable": "3.7.6",
        "object-assign": "4.1.1"
      }
    },
    "encoding": {
      "version": "0.1.12",
      "resolved": "http://registry.npm.taobao.org/encoding/download/encoding-0.1.12.tgz",
      "integrity": "sha1-U4tm8+5izRq1HsMjgp0flIDHS+s=",
      "requires": {
        "iconv-lite": "0.4.19"
      }
    },
    "enquire.js": {
      "version": "2.1.6",
      "resolved": "http://registry.npm.taobao.org/enquire.js/download/enquire.js-2.1.6.tgz",
      "integrity": "sha1-PoeAybi4NQhMP2DhZtvDwqPImBQ="
    },
    "entities": {
      "version": "1.1.1",
      "resolved": "http://registry.npm.taobao.org/entities/download/entities-1.1.1.tgz",
      "integrity": "sha1-blwtClYhtdra7O+AuQ7ftc13cvA="
    },
    "enzyme": {
      "version": "2.9.1",
      "resolved": "http://registry.npm.taobao.org/enzyme/download/enzyme-2.9.1.tgz",
      "integrity": "sha1-B9XOaRJBJA+4F78sSxjW5TAkDfY=",
      "requires": {
        "cheerio": "0.22.0",
        "function.prototype.name": "1.0.3",
        "is-subset": "0.1.1",
        "lodash": "4.17.4",
        "object-is": "1.0.1",
        "object.assign": "4.0.4",
        "object.entries": "1.0.4",
        "object.values": "1.0.4",
        "prop-types": "15.6.0",
        "uuid": "3.1.0"
      },
      "dependencies": {
        "prop-types": {
          "version": "15.6.0",
          "resolved": "http://registry.npm.taobao.org/prop-types/download/prop-types-15.6.0.tgz",
          "integrity": "sha1-zq8IMCL8RrSjX2nhPvda7Q1jmFY=",
          "requires": {
            "fbjs": "0.8.16",
            "loose-envify": "1.3.1",
            "object-assign": "4.1.1"
          }
        }
      }
    },
    "es-abstract": {
      "version": "1.9.0",
      "resolved": "http://registry.npm.taobao.org/es-abstract/download/es-abstract-1.9.0.tgz",
      "integrity": "sha1-aQgpoHyuNrIi5/2bdcDQVz6yUic=",
      "requires": {
        "es-to-primitive": "1.1.1",
        "function-bind": "1.1.1",
        "has": "1.0.1",
        "is-callable": "1.1.3",
        "is-regex": "1.0.4"
      }
    },
    "es-to-primitive": {
      "version": "1.1.1",
      "resolved": "http://registry.npm.taobao.org/es-to-primitive/download/es-to-primitive-1.1.1.tgz",
      "integrity": "sha1-RTVSSKiJeQNLZ5Lhm7gfK3l13Q0=",
      "requires": {
        "is-callable": "1.1.3",
        "is-date-object": "1.0.1",
        "is-symbol": "1.0.1"
      }
    },
    "eventlistener": {
      "version": "0.0.1",
      "resolved": "http://registry.npm.taobao.org/eventlistener/download/eventlistener-0.0.1.tgz",
      "integrity": "sha1-7Suqu4UiJ68rz4iRUscsY8pTLrg="
    },
    "fbjs": {
      "version": "0.8.16",
      "resolved": "http://registry.npm.taobao.org/fbjs/download/fbjs-0.8.16.tgz",
      "integrity": "sha1-XmdDL1UNxBtXK/VYR7ispk5TN9s=",
      "requires": {
        "core-js": "1.2.7",
        "isomorphic-fetch": "2.2.1",
        "loose-envify": "1.3.1",
        "object-assign": "4.1.1",
        "promise": "7.3.1",
        "setimmediate": "1.0.5",
        "ua-parser-js": "0.7.15"
      }
    },
    "foreach": {
      "version": "2.0.5",
      "resolved": "http://registry.npm.taobao.org/foreach/download/foreach-2.0.5.tgz",
      "integrity": "sha1-C+4AUBiusmDQo6865ljdATbsG5k="
    },
    "function-bind": {
      "version": "1.1.1",
      "resolved": "http://registry.npm.taobao.org/function-bind/download/function-bind-1.1.1.tgz",
      "integrity": "sha1-pWiZ0+o8m6uHS7l3O3xe3pL0iV0="
    },
    "function.prototype.name": {
      "version": "1.0.3",
      "resolved": "http://registry.npm.taobao.org/function.prototype.name/download/function.prototype.name-1.0.3.tgz",
      "integrity": "sha1-AJmuVXLp3W8DyX0CP9krzF5jnqw=",
      "requires": {
        "define-properties": "1.1.2",
        "function-bind": "1.1.1",
        "is-callable": "1.1.3"
      }
    },
    "hammerjs": {
      "version": "2.0.8",
      "resolved": "http://registry.npm.taobao.org/hammerjs/download/hammerjs-2.0.8.tgz",
      "integrity": "sha1-BO93hiz/K7edMPdpIJWTAiK/YPE="
    },
    "has": {
      "version": "1.0.1",
      "resolved": "http://registry.npm.taobao.org/has/download/has-1.0.1.tgz",
      "integrity": "sha1-hGFzP1OLCDfJNh45qauelwTcLyg=",
      "requires": {
        "function-bind": "1.1.1"
      }
    },
    "hoist-non-react-statics": {
      "version": "1.2.0",
      "resolved": "http://registry.npm.taobao.org/hoist-non-react-statics/download/hoist-non-react-statics-1.2.0.tgz",
      "integrity": "sha1-qkSM8JhtVcxAdzsXF0t90GbLfPs="
    },
    "htmlparser2": {
      "version": "3.9.2",
      "resolved": "http://registry.npm.taobao.org/htmlparser2/download/htmlparser2-3.9.2.tgz",
      "integrity": "sha1-G9+HrMoPP55T+k/M6w9LTLsAszg=",
      "requires": {
        "domelementtype": "1.3.0",
        "domhandler": "2.4.1",
        "domutils": "1.5.1",
        "entities": "1.1.1",
        "inherits": "2.0.3",
        "readable-stream": "2.3.3"
      }
    },
    "iconv-lite": {
      "version": "0.4.19",
      "resolved": "http://registry.npm.taobao.org/iconv-lite/download/iconv-lite-0.4.19.tgz",
      "integrity": "sha1-90aPYBNfXl2tM5nAqBvpoWA6CCs="
    },
    "immutable": {
      "version": "3.7.6",
      "resolved": "http://registry.npm.taobao.org/immutable/download/immutable-3.7.6.tgz",
      "integrity": "sha1-E7TTyxK++hVIKib+Gy665kAHHks="
    },
    "inherits": {
      "version": "2.0.3",
      "resolved": "http://registry.npm.taobao.org/inherits/download/inherits-2.0.3.tgz",
      "integrity": "sha1-Yzwsg+PaQqUC9SRmAiSA9CCCYd4="
    },
    "is-callable": {
      "version": "1.1.3",
      "resolved": "http://registry.npm.taobao.org/is-callable/download/is-callable-1.1.3.tgz",
      "integrity": "sha1-hut1OSgF3cM69xySoO7fdO52BLI="
    },
    "is-date-object": {
      "version": "1.0.1",
      "resolved": "http://registry.npm.taobao.org/is-date-object/download/is-date-object-1.0.1.tgz",
      "integrity": "sha1-mqIOtq7rv/d/vTPnTKAbM1gdOhY="
    },
    "is-regex": {
      "version": "1.0.4",
      "resolved": "http://registry.npm.taobao.org/is-regex/download/is-regex-1.0.4.tgz",
      "integrity": "sha1-VRdIm1RwkbCTDglWVM7SXul+lJE=",
      "requires": {
        "has": "1.0.1"
      }
    },
    "is-stream": {
      "version": "1.1.0",
      "resolved": "http://registry.npm.taobao.org/is-stream/download/is-stream-1.1.0.tgz",
      "integrity": "sha1-EtSj3U5o4Lec6428hBc66A2RykQ="
    },
    "is-subset": {
      "version": "0.1.1",
      "resolved": "http://registry.npm.taobao.org/is-subset/download/is-subset-0.1.1.tgz",
      "integrity": "sha1-ilkRfZMt4d4A8kX83TnOQ/HpOaY="
    },
    "is-symbol": {
      "version": "1.0.1",
      "resolved": "http://registry.npm.taobao.org/is-symbol/download/is-symbol-1.0.1.tgz",
      "integrity": "sha1-PMWfAAJRlLarLjjbrmaJJWtmBXI="
    },
    "isarray": {
      "version": "1.0.0",
      "resolved": "http://registry.npm.taobao.org/isarray/download/isarray-1.0.0.tgz",
      "integrity": "sha1-u5NdSFgsuhaMBoNJV6VKPgcSTxE="
    },
    "isomorphic-fetch": {
      "version": "2.2.1",
      "resolved": "http://registry.npm.taobao.org/isomorphic-fetch/download/isomorphic-fetch-2.2.1.tgz",
      "integrity": "sha1-YRrhrPFPXoH3KVB0coGf6XM1WKk=",
      "requires": {
        "node-fetch": "1.7.3",
        "whatwg-fetch": "2.0.3"
      }
    },
    "js-tokens": {
      "version": "3.0.2",
      "resolved": "http://registry.npm.taobao.org/js-tokens/download/js-tokens-3.0.2.tgz",
      "integrity": "sha1-mGbfOVECEw449/mWvOtlRDIJwls="
    },
    "json2mq": {
      "version": "0.2.0",
      "resolved": "http://registry.npm.taobao.org/json2mq/download/json2mq-0.2.0.tgz",
      "integrity": "sha1-tje9O6nqvhIsg+lyBIOusQ0skEo=",
      "requires": {
        "string-convert": "0.2.1"
      }
    },
    "lodash": {
      "version": "4.17.4",
      "resolved": "http://registry.npm.taobao.org/lodash/download/lodash-4.17.4.tgz",
      "integrity": "sha1-eCA6TRwyiuHYbcpkYONptX9AVa4="
    },
    "lodash._getnative": {
      "version": "3.9.1",
      "resolved": "http://registry.npm.taobao.org/lodash._getnative/download/lodash._getnative-3.9.1.tgz",
      "integrity": "sha1-VwvH3t5G1hzc3mh9ZdPuy6o6r/U="
    },
    "lodash.assignin": {
      "version": "4.2.0",
      "resolved": "http://registry.npm.taobao.org/lodash.assignin/download/lodash.assignin-4.2.0.tgz",
      "integrity": "sha1-uo31+4QesKPoBEIysOJjqNxqKKI="
    },
    "lodash.bind": {
      "version": "4.2.1",
      "resolved": "http://registry.npm.taobao.org/lodash.bind/download/lodash.bind-4.2.1.tgz",
      "integrity": "sha1-euMBfpOWIqwxt9fX3LGzTbFpDTU="
    },
    "lodash.debounce": {
      "version": "4.0.8",
      "resolved": "http://registry.npm.taobao.org/lodash.debounce/download/lodash.debounce-4.0.8.tgz",
      "integrity": "sha1-gteb/zCmfEAF/9XiUVMArZyk168="
    },
    "lodash.defaults": {
      "version": "4.2.0",
      "resolved": "http://registry.npm.taobao.org/lodash.defaults/download/lodash.defaults-4.2.0.tgz",
      "integrity": "sha1-0JF4cW/+pN3p5ft7N/bwgCJ0WAw="
    },
    "lodash.filter": {
      "version": "4.6.0",
      "resolved": "http://registry.npm.taobao.org/lodash.filter/download/lodash.filter-4.6.0.tgz",
      "integrity": "sha1-ZosdSYFgOuHMWm+nYBQ+SAtMSs4="
    },
    "lodash.flatten": {
      "version": "4.4.0",
      "resolved": "http://registry.npm.taobao.org/lodash.flatten/download/lodash.flatten-4.4.0.tgz",
      "integrity": "sha1-8xwiIlqWMtK7+OSt2+8kCqdlph8="
    },
    "lodash.foreach": {
      "version": "4.5.0",
      "resolved": "http://registry.npm.taobao.org/lodash.foreach/download/lodash.foreach-4.5.0.tgz",
      "integrity": "sha1-Gmo16s5AEoDH8G3d7DUWWrJ+PlM="
    },
    "lodash.get": {
      "version": "4.4.2",
      "resolved": "http://registry.npm.taobao.org/lodash.get/download/lodash.get-4.4.2.tgz",
      "integrity": "sha1-LRd/ZS+jHpObRDjVNBSZ36OCXpk="
    },
    "lodash.isarguments": {
      "version": "3.1.0",
      "resolved": "http://registry.npm.taobao.org/lodash.isarguments/download/lodash.isarguments-3.1.0.tgz",
      "integrity": "sha1-L1c9hcaiQon/AGY7SRwdM4/zRYo="
    },
    "lodash.isarray": {
      "version": "3.0.4",
      "resolved": "http://registry.npm.taobao.org/lodash.isarray/download/lodash.isarray-3.0.4.tgz",
      "integrity": "sha1-eeTriMNqgSKvhvhEqpvNhRtfu1U="
    },
    "lodash.keys": {
      "version": "3.1.2",
      "resolved": "http://registry.npm.taobao.org/lodash.keys/download/lodash.keys-3.1.2.tgz",
      "integrity": "sha1-TbwEcrFWvlCgsoaFXRvQsMZWCYo=",
      "requires": {
        "lodash._getnative": "3.9.1",
        "lodash.isarguments": "3.1.0",
        "lodash.isarray": "3.0.4"
      }
    },
    "lodash.map": {
      "version": "4.6.0",
      "resolved": "http://registry.npm.taobao.org/lodash.map/download/lodash.map-4.6.0.tgz",
      "integrity": "sha1-dx7Hg540c9nEzeKLGTlMNWL09tM="
    },
    "lodash.merge": {
      "version": "4.6.0",
      "resolved": "http://registry.npm.taobao.org/lodash.merge/download/lodash.merge-4.6.0.tgz",
      "integrity": "sha1-aYhLoUSsM/5plzemCG3v+t0PicU="
    },
    "lodash.pick": {
      "version": "4.4.0",
      "resolved": "http://registry.npm.taobao.org/lodash.pick/download/lodash.pick-4.4.0.tgz",
      "integrity": "sha1-UvBWEP/53tQiYRRB7R/BI6AwAbM="
    },
    "lodash.reduce": {
      "version": "4.6.0",
      "resolved": "http://registry.npm.taobao.org/lodash.reduce/download/lodash.reduce-4.6.0.tgz",
      "integrity": "sha1-8atrg5KZrUj3hKu/R2WW8DuRTTs="
    },
    "lodash.reject": {
      "version": "4.6.0",
      "resolved": "http://registry.npm.taobao.org/lodash.reject/download/lodash.reject-4.6.0.tgz",
      "integrity": "sha1-gNZJLcFHCGS79YNTO2UfQqn1JBU="
    },
    "lodash.some": {
      "version": "4.6.0",
      "resolved": "http://registry.npm.taobao.org/lodash.some/download/lodash.some-4.6.0.tgz",
      "integrity": "sha1-G7nzFO9ri63tE7VJFpsqlF62jk0="
    },
    "lodash.throttle": {
      "version": "4.1.1",
      "resolved": "http://registry.npm.taobao.org/lodash.throttle/download/lodash.throttle-4.1.1.tgz",
      "integrity": "sha1-wj6RtxAkKscMN/HhzaknTMOb8vQ="
    },
    "loose-envify": {
      "version": "1.3.1",
      "resolved": "http://registry.npm.taobao.org/loose-envify/download/loose-envify-1.3.1.tgz",
      "integrity": "sha1-0aitM/qc4OcT1l/dCsi3SNR4yEg=",
      "requires": {
        "js-tokens": "3.0.2"
      }
    },
    "node-fetch": {
      "version": "1.7.3",
      "resolved": "http://registry.npm.taobao.org/node-fetch/download/node-fetch-1.7.3.tgz",
      "integrity": "sha1-mA9vcthSEaU0fGsrwYxbhMPrR+8=",
      "requires": {
        "encoding": "0.1.12",
        "is-stream": "1.1.0"
      }
    },
    "nth-check": {
      "version": "1.0.1",
      "resolved": "http://registry.npm.taobao.org/nth-check/download/nth-check-1.0.1.tgz",
      "integrity": "sha1-mSms32KPwsQQmN6rgqxYDPFJquQ=",
      "requires": {
        "boolbase": "1.0.0"
      }
    },
    "object-assign": {
      "version": "4.1.1",
      "resolved": "http://registry.npm.taobao.org/object-assign/download/object-assign-4.1.1.tgz",
      "integrity": "sha1-IQmtx5ZYh8/AXLvUQsrIv7s2CGM="
    },
    "object-is": {
      "version": "1.0.1",
      "resolved": "http://registry.npm.taobao.org/object-is/download/object-is-1.0.1.tgz",
      "integrity": "sha1-CqYOyZiaCz7Xlc9NBvYs8a1lObY="
    },
    "object-keys": {
      "version": "1.0.11",
      "resolved": "http://registry.npm.taobao.org/object-keys/download/object-keys-1.0.11.tgz",
      "integrity": "sha1-xUYBd4rVYPEULODgG8yotW0TQm0="
    },
    "object.assign": {
      "version": "4.0.4",
      "resolved": "http://registry.npm.taobao.org/object.assign/download/object.assign-4.0.4.tgz",
      "integrity": "sha1-scnMBE7xuf5jYG/BQau7MuFHMMw=",
      "requires": {
        "define-properties": "1.1.2",
        "function-bind": "1.1.1",
        "object-keys": "1.0.11"
      }
    },
    "object.entries": {
      "version": "1.0.4",
      "resolved": "http://registry.npm.taobao.org/object.entries/download/object.entries-1.0.4.tgz",
      "integrity": "sha1-G/mk3SKI9bM/Opk9JXZh8F0WGl8=",
      "requires": {
        "define-properties": "1.1.2",
        "es-abstract": "1.9.0",
        "function-bind": "1.1.1",
        "has": "1.0.1"
      }
    },
    "object.values": {
      "version": "1.0.4",
      "resolved": "http://registry.npm.taobao.org/object.values/download/object.values-1.0.4.tgz",
      "integrity": "sha1-5STaCbT2b/Bd9FdUbscqyZ8TBpo=",
      "requires": {
        "define-properties": "1.1.2",
        "es-abstract": "1.9.0",
        "function-bind": "1.1.1",
        "has": "1.0.1"
      }
    },
    "process-nextick-args": {
      "version": "1.0.7",
      "resolved": "http://registry.npm.taobao.org/process-nextick-args/download/process-nextick-args-1.0.7.tgz",
      "integrity": "sha1-FQ4gt1ZZCtP5EJPyWk8q2L/zC6M="
    },
    "promise": {
      "version": "7.3.1",
      "resolved": "http://registry.npm.taobao.org/promise/download/promise-7.3.1.tgz",
      "integrity": "sha1-BktyYCsY+Q8pGSuLG8QY/9Hr078=",
      "requires": {
        "asap": "2.0.6"
      }
    },
    "rc-align": {
      "version": "2.3.4",
      "resolved": "http://registry.npm.taobao.org/rc-align/download/rc-align-2.3.4.tgz",
      "integrity": "sha1-2Dvat1YPAULnKj3h1JXatroiUkk=",
      "requires": {
        "dom-align": "1.6.5",
        "prop-types": "15.6.0",
        "rc-util": "4.1.1"
      },
      "dependencies": {
        "prop-types": {
          "version": "15.6.0",
          "resolved": "http://registry.npm.taobao.org/prop-types/download/prop-types-15.6.0.tgz",
          "integrity": "sha1-zq8IMCL8RrSjX2nhPvda7Q1jmFY=",
          "requires": {
            "fbjs": "0.8.16",
            "loose-envify": "1.3.1",
            "object-assign": "4.1.1"
          }
        },
        "rc-util": {
          "version": "4.1.1",
          "resolved": "http://registry.npm.taobao.org/rc-util/download/rc-util-4.1.1.tgz",
          "integrity": "sha1-k1DpwANotQzY+9kXdcwc+eLKcrI=",
          "requires": {
            "add-dom-event-listener": "1.0.2",
            "babel-runtime": "6.26.0",
            "prop-types": "15.6.0",
            "shallowequal": "0.2.2"
          }
        },
        "shallowequal": {
          "version": "0.2.2",
          "resolved": "http://registry.npm.taobao.org/shallowequal/download/shallowequal-0.2.2.tgz",
          "integrity": "sha1-HjL9W8q2rWiKSBLLDMBO/HXHAU4=",
          "requires": {
            "lodash.keys": "3.1.2"
          }
        }
      }
    },
    "rc-editor-core": {
      "version": "0.7.8",
      "resolved": "http://registry.npm.taobao.org/rc-editor-core/download/rc-editor-core-0.7.8.tgz",
      "integrity": "sha1-3bgsyDtYcbWgV+ULANF4Zsyd1wc=",
      "requires": {
        "draft-js": "0.10.3",
        "immutable": "3.7.6",
        "lodash": "4.17.4",
        "prop-types": "15.6.0",
        "setimmediate": "1.0.5"
      },
      "dependencies": {
        "prop-types": {
          "version": "15.6.0",
          "resolved": "http://registry.npm.taobao.org/prop-types/download/prop-types-15.6.0.tgz",
          "integrity": "sha1-zq8IMCL8RrSjX2nhPvda7Q1jmFY=",
          "requires": {
            "fbjs": "0.8.16",
            "loose-envify": "1.3.1",
            "object-assign": "4.1.1"
          }
        }
      }
    },
    "rc-hammerjs": {
      "version": "0.6.9",
      "resolved": "http://registry.npm.taobao.org/rc-hammerjs/download/rc-hammerjs-0.6.9.tgz",
      "integrity": "sha1-mk3b2hsuyPm5WWCRpqmJhCokOQc=",
      "requires": {
        "babel-runtime": "6.26.0",
        "hammerjs": "2.0.8",
        "prop-types": "15.6.0"
      },
      "dependencies": {
        "prop-types": {
          "version": "15.6.0",
          "resolved": "http://registry.npm.taobao.org/prop-types/download/prop-types-15.6.0.tgz",
          "integrity": "sha1-zq8IMCL8RrSjX2nhPvda7Q1jmFY=",
          "requires": {
            "fbjs": "0.8.16",
            "loose-envify": "1.3.1",
            "object-assign": "4.1.1"
          }
        }
      }
    },
    "rc-touchable": {
      "version": "1.2.3",
      "resolved": "http://registry.npm.taobao.org/rc-touchable/download/rc-touchable-1.2.3.tgz",
      "integrity": "sha1-X0mDJOPQubpgGpxINJWOqixxNhg=",
      "requires": {
        "babel-runtime": "6.26.0"
      }
    },
    "rc-trigger": {
      "version": "1.11.4",
      "resolved": "http://registry.npm.taobao.org/rc-trigger/download/rc-trigger-1.11.4.tgz",
      "integrity": "sha1-oxAy8NfOeahT8ZMpb/watPndfjo=",
      "requires": {
        "babel-runtime": "6.26.0",
        "create-react-class": "15.6.2",
        "prop-types": "15.6.0",
        "rc-align": "2.3.4",
        "rc-animate": "2.4.1",
        "rc-util": "4.1.1"
      },
      "dependencies": {
        "css-animation": {
          "version": "1.4.1",
          "resolved": "http://registry.npm.taobao.org/css-animation/download/css-animation-1.4.1.tgz",
          "integrity": "sha1-W4gTEl3g+7uwu+G0cq6EIhRpt6g=",
          "requires": {
            "babel-runtime": "6.26.0",
            "component-classes": "1.2.6"
          }
        },
        "prop-types": {
          "version": "15.6.0",
          "resolved": "http://registry.npm.taobao.org/prop-types/download/prop-types-15.6.0.tgz",
          "integrity": "sha1-zq8IMCL8RrSjX2nhPvda7Q1jmFY=",
          "requires": {
            "fbjs": "0.8.16",
            "loose-envify": "1.3.1",
            "object-assign": "4.1.1"
          }
        },
        "rc-animate": {
          "version": "2.4.1",
          "resolved": "http://registry.npm.taobao.org/rc-animate/download/rc-animate-2.4.1.tgz",
          "integrity": "sha1-3z4PVv4Qav5L9S/0CM7SQcUXiRk=",
          "requires": {
            "babel-runtime": "6.26.0",
            "css-animation": "1.4.1",
            "prop-types": "15.6.0"
          }
        },
        "rc-util": {
          "version": "4.1.1",
          "resolved": "http://registry.npm.taobao.org/rc-util/download/rc-util-4.1.1.tgz",
          "integrity": "sha1-k1DpwANotQzY+9kXdcwc+eLKcrI=",
          "requires": {
            "add-dom-event-listener": "1.0.2",
            "babel-runtime": "6.26.0",
            "prop-types": "15.6.0",
            "shallowequal": "0.2.2"
          }
        },
        "shallowequal": {
          "version": "0.2.2",
          "resolved": "http://registry.npm.taobao.org/shallowequal/download/shallowequal-0.2.2.tgz",
          "integrity": "sha1-HjL9W8q2rWiKSBLLDMBO/HXHAU4=",
          "requires": {
            "lodash.keys": "3.1.2"
          }
        }
      }
    },
    "react-text-marquee": {
      "version": "1.0.1",
      "resolved": "http://registry.npm.taobao.org/react-text-marquee/download/react-text-marquee-1.0.1.tgz",
      "integrity": "sha1-b6wWpozu67iylAMIjkVBzdbtfhM=",
      "requires": {
        "prop-types": "15.6.0"
      },
      "dependencies": {
        "prop-types": {
          "version": "15.6.0",
          "resolved": "http://registry.npm.taobao.org/prop-types/download/prop-types-15.6.0.tgz",
          "integrity": "sha1-zq8IMCL8RrSjX2nhPvda7Q1jmFY=",
          "requires": {
            "fbjs": "0.8.16",
            "loose-envify": "1.3.1",
            "object-assign": "4.1.1"
          }
        }
      }
    },
    "readable-stream": {
      "version": "2.3.3",
      "resolved": "http://registry.npm.taobao.org/readable-stream/download/readable-stream-2.3.3.tgz",
      "integrity": "sha1-No8lEtefnUb9/HE0mueHi7weuVw=",
      "requires": {
        "core-util-is": "1.0.2",
        "inherits": "2.0.3",
        "isarray": "1.0.0",
        "process-nextick-args": "1.0.7",
        "safe-buffer": "5.1.1",
        "string_decoder": "1.0.3",
        "util-deprecate": "1.0.2"
      }
    },
    "regenerator-runtime": {
      "version": "0.11.0",
      "resolved": "http://registry.npm.taobao.org/regenerator-runtime/download/regenerator-runtime-0.11.0.tgz",
      "integrity": "sha1-flT+W1zNXWYk6mJVw0c74JC4AuE="
    },
    "safe-buffer": {
      "version": "5.1.1",
      "resolved": "http://registry.npm.taobao.org/safe-buffer/download/safe-buffer-5.1.1.tgz",
      "integrity": "sha1-iTMSr2myEj3vcfV4iQAWce6yyFM="
    },
    "setimmediate": {
      "version": "1.0.5",
      "resolved": "http://registry.npm.taobao.org/setimmediate/download/setimmediate-1.0.5.tgz",
      "integrity": "sha1-KQy7Iy4waULX1+qbg3Mqt4VvgoU="
    },
    "shallow-equal": {
      "version": "1.0.0",
      "resolved": "http://registry.npm.taobao.org/shallow-equal/download/shallow-equal-1.0.0.tgz",
      "integrity": "sha1-UI0YOLPeWQq4dXsBGyXkMJAJRfc="
    },
    "shallowequal": {
      "version": "1.0.2",
      "resolved": "http://registry.npm.taobao.org/shallowequal/download/shallowequal-1.0.2.tgz",
      "integrity": "sha1-FWHb3vuMAUCBADGQhXZNo/z4P48="
    },
    "slick-carousel": {
      "version": "1.8.1",
      "resolved": "http://registry.npm.taobao.org/slick-carousel/download/slick-carousel-1.8.1.tgz",
      "integrity": "sha1-pL+ykBSIe7Zs5Si5C9DNomLMj40="
    },
    "string-convert": {
      "version": "0.2.1",
      "resolved": "http://registry.npm.taobao.org/string-convert/download/string-convert-0.2.1.tgz",
      "integrity": "sha1-aYLMMEn7tM2F+LJFaLnZvznu/5c="
    },
    "string_decoder": {
      "version": "1.0.3",
      "resolved": "http://registry.npm.taobao.org/string_decoder/download/string_decoder-1.0.3.tgz",
      "integrity": "sha1-D8Z9fBQYJd6UKC3VNr7GubzoYKs=",
      "requires": {
        "safe-buffer": "5.1.1"
      }
    },
    "ua-parser-js": {
      "version": "0.7.15",
      "resolved": "http://registry.npm.taobao.org/ua-parser-js/download/ua-parser-js-0.7.15.tgz",
      "integrity": "sha1-EdQY3elXJostlXycgvfSmgobw08="
    },
    "util-deprecate": {
      "version": "1.0.2",
      "resolved": "http://registry.npm.taobao.org/util-deprecate/download/util-deprecate-1.0.2.tgz",
      "integrity": "sha1-RQ1Nyfpw3nMnYvvS1KKJgUGaDM8="
    },
    "uuid": {
      "version": "3.1.0",
      "resolved": "http://registry.npm.taobao.org/uuid/download/uuid-3.1.0.tgz",
      "integrity": "sha1-PdPT55Crwk17DToDT/q6vijrvAQ="
    },
    "whatwg-fetch": {
      "version": "2.0.3",
      "resolved": "http://registry.npm.taobao.org/whatwg-fetch/download/whatwg-fetch-2.0.3.tgz",
      "integrity": "sha1-nITsLc9oGH/wC8ZOEnS0QhduHIQ="
    }
  }
}
